{
    "_meta": {
        "hash": {
            "sha256": "7fd2680dad8a1974fd66152724292023d810c507de2babd5de8b3321f384b56c"
        },
        "pipfile-spec": 6,
        "requires": {
            "python_version": "3.6"
        },
        "sources": [
            {
                "name": "pypi",
                "url": "https://pypi.org/simple",
                "verify_ssl": true
            }
        ]
    },
    "default": {
        "numpy": {
            "hashes": [
                "sha256:05dbfe72684cc14b92568de1bc1f41e5f62b00f714afc9adee42f6311738091f",
                "sha256:0d82cb7271a577529d07bbb05cb58675f2deb09772175fab96dc8de025d8ac05",
                "sha256:10132aa1fef99adc85a905d82e8497a580f83739837d7cbd234649f2e9b9dc58",
                "sha256:12322df2e21f033a60c80319c25011194cd2a21294cc66fee0908aeae2c27832",
                "sha256:16f19b3aa775dddc9814e02a46b8e6ae6a54ed8cf143962b4e53f0471dbd7b16",
                "sha256:3d0b0989dd2d066db006158de7220802899a1e5c8cf622abe2d0bd158fd01c2c",
                "sha256:438a3f0e7b681642898fd7993d38e2bf140a2d1eafaf3e89bb626db7f50db355",
                "sha256:5fd214f482ab53f2cea57414c5fb3e58895b17df6e6f5bca5be6a0bb6aea23bb",
                "sha256:73615d3edc84dd7c4aeb212fa3748fb83217e00d201875a47327f55363cef2df",
                "sha256:7bd355ad7496f4ce1d235e9814ec81ee3d28308d591c067ce92e49f745ba2c2f",
                "sha256:7d077f2976b8f3de08a0dcf5d72083f4af5411e8fddacd662aae27baa2601196",
                "sha256:a4092682778dc48093e8bda8d26ee8360153e2047826f95a3f5eae09f0ae3abf",
                "sha256:b458de8624c9f6034af492372eb2fee41a8e605f03f4732f43fc099e227858b2",
                "sha256:e70fc8ff03a961f13363c2c95ef8285e0cf6a720f8271836f852cc0fa64e97c8",
                "sha256:ee8e9d7cad5fe6dde50ede0d2e978d81eafeaa6233fb0b8719f60214cf226578",
                "sha256:f4a4f6aba148858a5a5d546a99280f71f5ee6ec8182a7d195af1a914195b21a2"
            ],
            "index": "pypi",
            "version": "==1.17.2"
        },
        "shapely": {
            "hashes": [
                "sha256:0378964902f89b8dbc332e5bdfa08e0bc2f7ab39fecaeb17fbb2a7699a44fe71",
                "sha256:34e7c6f41fb27906ccdf2514ee44a5774b90b39a256b6511a6a57d11ffe64999",
                "sha256:3ca69d4b12e2b05b549465822744b6a3a1095d8488cc27b2728a06d3c07d0eee",
                "sha256:3e9388f29bd81fcd4fa5c35125e1fbd4975ee36971a87a90c093f032d0e9de24",
                "sha256:3ef28e3f20a1c37f5b99ea8cf8dcb58e2f1a8762d65ed2d21fd92bf1d4811182",
                "sha256:523c94403047eb6cacd7fc1863ebef06e26c04d8a4e7f8f182d49cd206fe787e",
                "sha256:5d22a1a705c2f70f61ccadc696e33d922c1a92e00df8e1d58a6ade14dd7e3b4f",
                "sha256:714b6680215554731389a1bbdae4cec61741aa4726921fa2b2b96a6f578a2534",
                "sha256:7dfe1528650c3f0dc82f41a74cf4f72018288db9bfb75dcd08f6f04233ec7e78",
                "sha256:ba58b21b9cf3c33725f7f530febff9ed6a6846f9d0bf8a120fc74683ff919f89",
                "sha256:c4b87bb61fc3de59fc1f85e71a79b0c709dc68364d9584473697aad4aa13240f",
                "sha256:ebb4d2bee7fac3f6c891fcdafaa17f72ab9c6480f6d00de0b2dc9a5137dfe342"
            ],
            "index": "pypi",
            "version": "==1.6.4.post2"
        }
    },
    "develop": {
        "mypy": {
            "hashes": [
                "sha256:1d98fd818ad3128a5408148c9e4a5edce6ed6b58cc314283e631dd5d9216527b",
                "sha256:22ee018e8fc212fe601aba65d3699689dd29a26410ef0d2cc1943de7bec7e3ac",
                "sha256:3a24f80776edc706ec8d05329e854d5b9e464cd332e25cde10c8da2da0a0db6c",
                "sha256:42a78944e80770f21609f504ca6c8173f7768043205b5ac51c9144e057dcf879",
                "sha256:4b2b20106973548975f0c0b1112eceb4d77ed0cafe0a231a1318f3b3a22fc795",
                "sha256:591a9625b4d285f3ba69f541c84c0ad9e7bffa7794da3fa0585ef13cf95cb021",
                "sha256:5b4b70da3d8bae73b908a90bb2c387b977e59d484d22c604a2131f6f4397c1a3",
                "sha256:84edda1ffeda0941b2ab38ecf49302326df79947fa33d98cdcfbf8ca9cf0bb23",
                "sha256:b2b83d29babd61b876ae375786960a5374bba0e4aba3c293328ca6ca5dc448dd",
                "sha256:cc4502f84c37223a1a5ab700649b5ab1b5e4d2bf2d426907161f20672a21930b",
                "sha256:e29e24dd6e7f39f200a5bb55dcaa645d38a397dd5a6674f6042ef02df5795046"
            ],
            "index": "pypi",
            "version": "==0.730"
        },
        "mypy-extensions": {
            "hashes": [
                "sha256:a161e3b917053de87dbe469987e173e49fb454eca10ef28b48b384538cc11458"
            ],
            "version": "==0.4.2"
        },
        "toml": {
            "hashes": [
                "sha256:229f81c57791a41d65e399fc06bf0848bab550a9dfd5ed66df18ce5f05e73d5c",
                "sha256:235682dd292d5899d361a811df37e04a8828a5b1da3115886b73cf81ebc9100e"
            ],
            "index": "pypi",
            "version": "==0.10.0"
        },
        "typed-ast": {
            "hashes": [
                "sha256:18511a0b3e7922276346bcb47e2ef9f38fb90fd31cb9223eed42c85d1312344e",
                "sha256:262c247a82d005e43b5b7f69aff746370538e176131c32dda9cb0f324d27141e",
                "sha256:2b907eb046d049bcd9892e3076c7a6456c93a25bebfe554e931620c90e6a25b0",
                "sha256:354c16e5babd09f5cb0ee000d54cfa38401d8b8891eefa878ac772f827181a3c",
                "sha256:4e0b70c6fc4d010f8107726af5fd37921b666f5b31d9331f0bd24ad9a088e631",
                "sha256:630968c5cdee51a11c05a30453f8cd65e0cc1d2ad0d9192819df9978984529f4",
                "sha256:66480f95b8167c9c5c5c87f32cf437d585937970f3fc24386f313a4c97b44e34",
                "sha256:71211d26ffd12d63a83e079ff258ac9d56a1376a25bc80b1cdcdf601b855b90b",
                "sha256:95bd11af7eafc16e829af2d3df510cecfd4387f6453355188342c3e79a2ec87a",
                "sha256:bc6c7d3fa1325a0c6613512a093bc2a2a15aeec350451cbdf9e1d4bffe3e3233",
                "sha256:cc34a6f5b426748a507dd5d1de4c1978f2eb5626d51326e43280941206c209e1",
                "sha256:d755f03c1e4a51e9b24d899561fec4ccaf51f210d52abdf8c07ee2849b212a36",
                "sha256:d7c45933b1bdfaf9f36c579671fec15d25b06c8398f113dab64c18ed1adda01d",
                "sha256:d896919306dd0aa22d0132f62a1b78d11aaf4c9fc5b3410d3c666b818191630a",
                "sha256:ffde2fbfad571af120fcbfbbc61c72469e72f550d676c3342492a9dfdefb8f12"
            ],
            "version": "==1.4.0"
        },
        "typing-extensions": {
            "hashes": [
                "sha256:2ed632b30bb54fc3941c382decfd0ee4148f5c591651c9272473fea2c6397d95",
                "sha256:b1edbbf0652660e32ae780ac9433f4231e7339c7f9a8057d0f042fcbcea49b87",
                "sha256:d8179012ec2c620d3791ca6fe2bf7979d979acdbef1fca0bc56b37411db682ed"
            ],
            "version": "==3.7.4"
        }
    }
}
